// !$*UTF8*$!
{
	archiveVersion = 1;
	classes = {
	};
	objectVersion = 56;
	objects = {

/* Begin PBXBuildFile section */
		D571A5642B0DF1B400CDEAE9 /* ChartView.swift in Sources */ = {isa = PBXBuildFile; fileRef = D571A5632B0DF1B400CDEAE9 /* ChartView.swift */; };
		D571A5662B0E09BF00CDEAE9 /* UserSettings.swift in Sources */ = {isa = PBXBuildFile; fileRef = D571A5652B0E09BF00CDEAE9 /* UserSettings.swift */; };
		D571A5682B0E09FF00CDEAE9 /* ProfileView.swift in Sources */ = {isa = PBXBuildFile; fileRef = D571A5672B0E09FF00CDEAE9 /* ProfileView.swift */; };
		D571A56A2B0E4F5E00CDEAE9 /* BudgetComparisonGraphView.swift in Sources */ = {isa = PBXBuildFile; fileRef = D571A5692B0E4F5E00CDEAE9 /* BudgetComparisonGraphView.swift */; };
		D571A56C2B0E54F000CDEAE9 /* DonutChartView.swift in Sources */ = {isa = PBXBuildFile; fileRef = D571A56B2B0E54F000CDEAE9 /* DonutChartView.swift */; };
		D5A7D5FC2B0CA07700DDD0D3 /* DepensesListView.swift in Sources */ = {isa = PBXBuildFile; fileRef = D5A7D5FB2B0CA07700DDD0D3 /* DepensesListView.swift */; };
		D5A7D5FE2B0CA0D900DDD0D3 /* MainView.swift in Sources */ = {isa = PBXBuildFile; fileRef = D5A7D5FD2B0CA0D900DDD0D3 /* MainView.swift */; };
		D5A7D6002B0CA14400DDD0D3 /* Depense.swift in Sources */ = {isa = PBXBuildFile; fileRef = D5A7D5FF2B0CA14400DDD0D3 /* Depense.swift */; };
		D5A7D6022B0CF1AA00DDD0D3 /* NotificationView.swift in Sources */ = {isa = PBXBuildFile; fileRef = D5A7D6012B0CF1AA00DDD0D3 /* NotificationView.swift */; };
		D5A7D6042B0CFC5E00DDD0D3 /* Animation.swift in Sources */ = {isa = PBXBuildFile; fileRef = D5A7D6032B0CFC5E00DDD0D3 /* Animation.swift */; };
		D5A7D6062B0D00B500DDD0D3 /* DepenseManager.swift in Sources */ = {isa = PBXBuildFile; fileRef = D5A7D6052B0D00B500DDD0D3 /* DepenseManager.swift */; };
		D5B589D72B0FA37600393EA2 /* CustomAlertView.swift in Sources */ = {isa = PBXBuildFile; fileRef = D5B589D62B0FA37600393EA2 /* CustomAlertView.swift */; };
		D5E0DF0E2B0B8CB9007FC021 /* gestionDepenseApp.swift in Sources */ = {isa = PBXBuildFile; fileRef = D5E0DF0D2B0B8CB9007FC021 /* gestionDepenseApp.swift */; };
		D5E0DF102B0B8CB9007FC021 /* EditDepenseView.swift in Sources */ = {isa = PBXBuildFile; fileRef = D5E0DF0F2B0B8CB9007FC021 /* EditDepenseView.swift */; };
		D5E0DF122B0B8CBA007FC021 /* Assets.xcassets in Resources */ = {isa = PBXBuildFile; fileRef = D5E0DF112B0B8CBA007FC021 /* Assets.xcassets */; };
		D5E0DF152B0B8CBA007FC021 /* Preview Assets.xcassets in Resources */ = {isa = PBXBuildFile; fileRef = D5E0DF142B0B8CBA007FC021 /* Preview Assets.xcassets */; };
		D5EDC44A2B0F822200D4C080 /* DonutSegmentView.swift in Sources */ = {isa = PBXBuildFile; fileRef = D5EDC4492B0F822200D4C080 /* DonutSegmentView.swift */; };
/* End PBXBuildFile section */

/* Begin PBXFileReference section */
		D571A5632B0DF1B400CDEAE9 /* ChartView.swift */ = {isa = PBXFileReference; lastKnownFileType = sourcecode.swift; path = ChartView.swift; sourceTree = "<group>"; };
		D571A5652B0E09BF00CDEAE9 /* UserSettings.swift */ = {isa = PBXFileReference; lastKnownFileType = sourcecode.swift; path = UserSettings.swift; sourceTree = "<group>"; };
		D571A5672B0E09FF00CDEAE9 /* ProfileView.swift */ = {isa = PBXFileReference; lastKnownFileType = sourcecode.swift; path = ProfileView.swift; sourceTree = "<group>"; };
		D571A5692B0E4F5E00CDEAE9 /* BudgetComparisonGraphView.swift */ = {isa = PBXFileReference; lastKnownFileType = sourcecode.swift; path = BudgetComparisonGraphView.swift; sourceTree = "<group>"; };
		D571A56B2B0E54F000CDEAE9 /* DonutChartView.swift */ = {isa = PBXFileReference; lastKnownFileType = sourcecode.swift; path = DonutChartView.swift; sourceTree = "<group>"; };
		D5A7D5FB2B0CA07700DDD0D3 /* DepensesListView.swift */ = {isa = PBXFileReference; lastKnownFileType = sourcecode.swift; path = DepensesListView.swift; sourceTree = "<group>"; };
		D5A7D5FD2B0CA0D900DDD0D3 /* MainView.swift */ = {isa = PBXFileReference; lastKnownFileType = sourcecode.swift; path = MainView.swift; sourceTree = "<group>"; };
		D5A7D5FF2B0CA14400DDD0D3 /* Depense.swift */ = {isa = PBXFileReference; lastKnownFileType = sourcecode.swift; path = Depense.swift; sourceTree = "<group>"; };
		D5A7D6012B0CF1AA00DDD0D3 /* NotificationView.swift */ = {isa = PBXFileReference; lastKnownFileType = sourcecode.swift; path = NotificationView.swift; sourceTree = "<group>"; };
		D5A7D6032B0CFC5E00DDD0D3 /* Animation.swift */ = {isa = PBXFileReference; lastKnownFileType = sourcecode.swift; path = Animation.swift; sourceTree = "<group>"; };
		D5A7D6052B0D00B500DDD0D3 /* DepenseManager.swift */ = {isa = PBXFileReference; lastKnownFileType = sourcecode.swift; path = DepenseManager.swift; sourceTree = "<group>"; };
		D5B589D62B0FA37600393EA2 /* CustomAlertView.swift */ = {isa = PBXFileReference; lastKnownFileType = sourcecode.swift; path = CustomAlertView.swift; sourceTree = "<group>"; };
		D5E0DF0A2B0B8CB8007FC021 /* gestionDepense.app */ = {isa = PBXFileReference; explicitFileType = wrapper.application; includeInIndex = 0; path = gestionDepense.app; sourceTree = BUILT_PRODUCTS_DIR; };
		D5E0DF0D2B0B8CB9007FC021 /* gestionDepenseApp.swift */ = {isa = PBXFileReference; lastKnownFileType = sourcecode.swift; path = gestionDepenseApp.swift; sourceTree = "<group>"; };
		D5E0DF0F2B0B8CB9007FC021 /* EditDepenseView.swift */ = {isa = PBXFileReference; lastKnownFileType = sourcecode.swift; path = EditDepenseView.swift; sourceTree = "<group>"; };
		D5E0DF112B0B8CBA007FC021 /* Assets.xcassets */ = {isa = PBXFileReference; lastKnownFileType = folder.assetcatalog; path = Assets.xcassets; sourceTree = "<group>"; };
		D5E0DF142B0B8CBA007FC021 /* Preview Assets.xcassets */ = {isa = PBXFileReference; lastKnownFileType = folder.assetcatalog; path = "Preview Assets.xcassets"; sourceTree = "<group>"; };
		D5EDC4492B0F822200D4C080 /* DonutSegmentView.swift */ = {isa = PBXFileReference; lastKnownFileType = sourcecode.swift; path = DonutSegmentView.swift; sourceTree = "<group>"; };
/* End PBXFileReference section */

/* Begin PBXFrameworksBuildPhase section */
		D5E0DF072B0B8CB8007FC021 /* Frameworks */ = {
			isa = PBXFrameworksBuildPhase;
			buildActionMask = 2147483647;
			files = (
			);
			runOnlyForDeploymentPostprocessing = 0;
		};
/* End PBXFrameworksBuildPhase section */

/* Begin PBXGroup section */
		D5E0DF012B0B8CB8007FC021 = {
			isa = PBXGroup;
			children = (
				D5E0DF0C2B0B8CB8007FC021 /* gestionDepense */,
				D5E0DF0B2B0B8CB8007FC021 /* Products */,
			);
			sourceTree = "<group>";
		};
		D5E0DF0B2B0B8CB8007FC021 /* Products */ = {
			isa = PBXGroup;
			children = (
				D5E0DF0A2B0B8CB8007FC021 /* gestionDepense.app */,
			);
			name = Products;
			sourceTree = "<group>";
		};
		D5E0DF0C2B0B8CB8007FC021 /* gestionDepense */ = {
			isa = PBXGroup;
			children = (
				D5A7D6032B0CFC5E00DDD0D3 /* Animation.swift */,
				D571A5692B0E4F5E00CDEAE9 /* BudgetComparisonGraphView.swift */,
				D571A5632B0DF1B400CDEAE9 /* ChartView.swift */,
				D5B589D62B0FA37600393EA2 /* CustomAlertView.swift */,
				D5A7D5FF2B0CA14400DDD0D3 /* Depense.swift */,
				D5A7D6052B0D00B500DDD0D3 /* DepenseManager.swift */,
				D571A56B2B0E54F000CDEAE9 /* DonutChartView.swift */,
				D5EDC4492B0F822200D4C080 /* DonutSegmentView.swift */,
				D5A7D6012B0CF1AA00DDD0D3 /* NotificationView.swift */,
				D5A7D5FD2B0CA0D900DDD0D3 /* MainView.swift */,
				D5A7D5FB2B0CA07700DDD0D3 /* DepensesListView.swift */,
				D571A5672B0E09FF00CDEAE9 /* ProfileView.swift */,
				D5E0DF0D2B0B8CB9007FC021 /* gestionDepenseApp.swift */,
				D5E0DF0F2B0B8CB9007FC021 /* EditDepenseView.swift */,
				D571A5652B0E09BF00CDEAE9 /* UserSettings.swift */,
				D5E0DF112B0B8CBA007FC021 /* Assets.xcassets */,
				D5E0DF132B0B8CBA007FC021 /* Preview Content */,
			);
			path = gestionDepense;
			sourceTree = "<group>";
		};
		D5E0DF132B0B8CBA007FC021 /* Preview Content */ = {
			isa = PBXGroup;
			children = (
				D5E0DF142B0B8CBA007FC021 /* Preview Assets.xcassets */,
			);
			path = "Preview Content";
			sourceTree = "<group>";
		};
/* End PBXGroup section */

/* Begin PBXNativeTarget section */
		D5E0DF092B0B8CB8007FC021 /* gestionDepense */ = {
			isa = PBXNativeTarget;
			buildConfigurationList = D5E0DF182B0B8CBA007FC021 /* Build configuration list for PBXNativeTarget "gestionDepense" */;
			buildPhases = (
				D5E0DF062B0B8CB8007FC021 /* Sources */,
				D5E0DF072B0B8CB8007FC021 /* Frameworks */,
				D5E0DF082B0B8CB8007FC021 /* Resources */,
			);
			buildRules = (
			);
			dependencies = (
			);
			name = gestionDepense;
			productName = gestionDepense;
			productReference = D5E0DF0A2B0B8CB8007FC021 /* gestionDepense.app */;
			productType = "com.apple.product-type.application";
		};
/* End PBXNativeTarget section */

/* Begin PBXProject section */
		D5E0DF022B0B8CB8007FC021 /* Project object */ = {
			isa = PBXProject;
			attributes = {
				BuildIndependentTargetsInParallel = 1;
				LastSwiftUpdateCheck = 1430;
				LastUpgradeCheck = 1430;
				TargetAttributes = {
					D5E0DF092B0B8CB8007FC021 = {
						CreatedOnToolsVersion = 14.3.1;
					};
				};
			};
			buildConfigurationList = D5E0DF052B0B8CB8007FC021 /* Build configuration list for PBXProject "gestionDepense" */;
			compatibilityVersion = "Xcode 14.0";
			developmentRegion = en;
			hasScannedForEncodings = 0;
			knownRegions = (
				en,
				Base,
			);
			mainGroup = D5E0DF012B0B8CB8007FC021;
			productRefGroup = D5E0DF0B2B0B8CB8007FC021 /* Products */;
			projectDirPath = "";
			projectRoot = "";
			targets = (
				D5E0DF092B0B8CB8007FC021 /* gestionDepense */,
			);
		};
/* End PBXProject section */

/* Begin PBXResourcesBuildPhase section */
		D5E0DF082B0B8CB8007FC021 /* Resources */ = {
			isa = PBXResourcesBuildPhase;
			buildActionMask = 2147483647;
			files = (
				D5E0DF152B0B8CBA007FC021 /* Preview Assets.xcassets in Resources */,
				D5E0DF122B0B8CBA007FC021 /* Assets.xcassets in Resources */,
			);
			runOnlyForDeploymentPostprocessing = 0;
		};
/* End PBXResourcesBuildPhase section */

/* Begin PBXSourcesBuildPhase section */
		D5E0DF062B0B8CB8007FC021 /* Sources */ = {
			isa = PBXSourcesBuildPhase;
			buildActionMask = 2147483647;
			files = (
				D5B589D72B0FA37600393EA2 /* CustomAlertView.swift in Sources */,
				D5A7D5FC2B0CA07700DDD0D3 /* DepensesListView.swift in Sources */,
				D5A7D5FE2B0CA0D900DDD0D3 /* MainView.swift in Sources */,
				D571A5642B0DF1B400CDEAE9 /* ChartView.swift in Sources */,
				D5EDC44A2B0F822200D4C080 /* DonutSegmentView.swift in Sources */,
				D571A5662B0E09BF00CDEAE9 /* UserSettings.swift in Sources */,
				D5A7D6002B0CA14400DDD0D3 /* Depense.swift in Sources */,
				D5E0DF102B0B8CB9007FC021 /* EditDepenseView.swift in Sources */,
				D5E0DF0E2B0B8CB9007FC021 /* gestionDepenseApp.swift in Sources */,
				D5A7D6022B0CF1AA00DDD0D3 /* NotificationView.swift in Sources */,
				D5A7D6062B0D00B500DDD0D3 /* DepenseManager.swift in Sources */,
				D571A56A2B0E4F5E00CDEAE9 /* BudgetComparisonGraphView.swift in Sources */,
				D571A5682B0E09FF00CDEAE9 /* ProfileView.swift in Sources */,
				D5A7D6042B0CFC5E00DDD0D3 /* Animation.swift in Sources */,
				D571A56C2B0E54F000CDEAE9 /* DonutChartView.swift in Sources */,
			);
			runOnlyForDeploymentPostprocessing = 0;
		};
/* End PBXSourcesBuildPhase section */

/* Begin XCBuildConfiguration section */
		D5E0DF162B0B8CBA007FC021 /* Debug */ = {
			isa = XCBuildConfiguration;
			buildSettings = {
				ALWAYS_SEARCH_USER_PATHS = NO;
				CLANG_ANALYZER_NONNULL = YES;
				CLANG_ANALYZER_NUMBER_OBJECT_CONVERSION = YES_AGGRESSIVE;
				CLANG_CXX_LANGUAGE_STANDARD = "gnu++20";
				CLANG_ENABLE_MODULES = YES;
				CLANG_ENABLE_OBJC_ARC = YES;
				CLANG_ENABLE_OBJC_WEAK = YES;
				CLANG_WARN_BLOCK_CAPTURE_AUTORELEASING = YES;
				CLANG_WARN_BOOL_CONVERSION = YES;
				CLANG_WARN_COMMA = YES;
				CLANG_WARN_CONSTANT_CONVERSION = YES;
				CLANG_WARN_DEPRECATED_OBJC_IMPLEMENTATIONS = YES;
				CLANG_WARN_DIRECT_OBJC_ISA_USAGE = YES_ERROR;
				CLANG_WARN_DOCUMENTATION_COMMENTS = YES;
				CLANG_WARN_EMPTY_BODY = YES;
				CLANG_WARN_ENUM_CONVERSION = YES;
				CLANG_WARN_INFINITE_RECURSION = YES;
				CLANG_WARN_INT_CONVERSION = YES;
				CLANG_WARN_NON_LITERAL_NULL_CONVERSION = YES;
				CLANG_WARN_OBJC_IMPLICIT_RETAIN_SELF = YES;
				CLANG_WARN_OBJC_LITERAL_CONVERSION = YES;
				CLANG_WARN_OBJC_ROOT_CLASS = YES_ERROR;
				CLANG_WARN_QUOTED_INCLUDE_IN_FRAMEWORK_HEADER = YES;
				CLANG_WARN_RANGE_LOOP_ANALYSIS = YES;
				CLANG_WARN_STRICT_PROTOTYPES = YES;
				CLANG_WARN_SUSPICIOUS_MOVE = YES;
				CLANG_WARN_UNGUARDED_AVAILABILITY = YES_AGGRESSIVE;
				CLANG_WARN_UNREACHABLE_CODE = YES;
				CLANG_WARN__DUPLICATE_METHOD_MATCH = YES;
				COPY_PHASE_STRIP = NO;
				DEBUG_INFORMATION_FORMAT = dwarf;
				ENABLE_STRICT_OBJC_MSGSEND = YES;
				ENABLE_TESTABILITY = YES;
				GCC_C_LANGUAGE_STANDARD = gnu11;
				GCC_DYNAMIC_NO_PIC = NO;
				GCC_NO_COMMON_BLOCKS = YES;
				GCC_OPTIMIZATION_LEVEL = 0;
				GCC_PREPROCESSOR_DEFINITIONS = (
					"DEBUG=1",
					"$(inherited)",
				);
				GCC_WARN_64_TO_32_BIT_CONVERSION = YES;
				GCC_WARN_ABOUT_RETURN_TYPE = YES_ERROR;
				GCC_WARN_UNDECLARED_SELECTOR = YES;
				GCC_WARN_UNINITIALIZED_AUTOS = YES_AGGRESSIVE;
				GCC_WARN_UNUSED_FUNCTION = YES;
				GCC_WARN_UNUSED_VARIABLE = YES;
				IPHONEOS_DEPLOYMENT_TARGET = 16.4;
				MTL_ENABLE_DEBUG_INFO = INCLUDE_SOURCE;
				MTL_FAST_MATH = YES;
				ONLY_ACTIVE_ARCH = YES;
				SDKROOT = iphoneos;
				SWIFT_ACTIVE_COMPILATION_CONDITIONS = DEBUG;
				SWIFT_OPTIMIZATION_LEVEL = "-Onone";
			};
			name = Debug;
		};
		D5E0DF172B0B8CBA007FC021 /* Release */ = {
			isa = XCBuildConfiguration;
			buildSettings = {
				ALWAYS_SEARCH_USER_PATHS = NO;
				CLANG_ANALYZER_NONNULL = YES;
				CLANG_ANALYZER_NUMBER_OBJECT_CONVERSION = YES_AGGRESSIVE;
				CLANG_CXX_LANGUAGE_STANDARD = "gnu++20";
				CLANG_ENABLE_MODULES = YES;
				CLANG_ENABLE_OBJC_ARC = YES;
				CLANG_ENABLE_OBJC_WEAK = YES;
				CLANG_WARN_BLOCK_CAPTURE_AUTORELEASING = YES;
				CLANG_WARN_BOOL_CONVERSION = YES;
				CLANG_WARN_COMMA = YES;
				CLANG_WARN_CONSTANT_CONVERSION = YES;
				CLANG_WARN_DEPRECATED_OBJC_IMPLEMENTATIONS = YES;
				CLANG_WARN_DIRECT_OBJC_ISA_USAGE = YES_ERROR;
				CLANG_WARN_DOCUMENTATION_COMMENTS = YES;
				CLANG_WARN_EMPTY_BODY = YES;
				CLANG_WARN_ENUM_CONVERSION = YES;
				CLANG_WARN_INFINITE_RECURSION = YES;
				CLANG_WARN_INT_CONVERSION = YES;
				CLANG_WARN_NON_LITERAL_NULL_CONVERSION = YES;
				CLANG_WARN_OBJC_IMPLICIT_RETAIN_SELF = YES;
				CLANG_WARN_OBJC_LITERAL_CONVERSION = YES;
				CLANG_WARN_OBJC_ROOT_CLASS = YES_ERROR;
				CLANG_WARN_QUOTED_INCLUDE_IN_FRAMEWORK_HEADER = YES;
				CLANG_WARN_RANGE_LOOP_ANALYSIS = YES;
				CLANG_WARN_STRICT_PROTOTYPES = YES;
				CLANG_WARN_SUSPICIOUS_MOVE = YES;
				CLANG_WARN_UNGUARDED_AVAILABILITY = YES_AGGRESSIVE;
				CLANG_WARN_UNREACHABLE_CODE = YES;
				CLANG_WARN__DUPLICATE_METHOD_MATCH = YES;
				COPY_PHASE_STRIP = NO;
				DEBUG_INFORMATION_FORMAT = "dwarf-with-dsym";
				ENABLE_NS_ASSERTIONS = NO;
				ENABLE_STRICT_OBJC_MSGSEND = YES;
				GCC_C_LANGUAGE_STANDARD = gnu11;
				GCC_NO_COMMON_BLOCKS = YES;
				GCC_WARN_64_TO_32_BIT_CONVERSION = YES;
				GCC_WARN_ABOUT_RETURN_TYPE = YES_ERROR;
				GCC_WARN_UNDECLARED_SELECTOR = YES;
				GCC_WARN_UNINITIALIZED_AUTOS = YES_AGGRESSIVE;
				GCC_WARN_UNUSED_FUNCTION = YES;
				GCC_WARN_UNUSED_VARIABLE = YES;
				IPHONEOS_DEPLOYMENT_TARGET = 16.4;
				MTL_ENABLE_DEBUG_INFO = NO;
				MTL_FAST_MATH = YES;
				SDKROOT = iphoneos;
				SWIFT_COMPILATION_MODE = wholemodule;
				SWIFT_OPTIMIZATION_LEVEL = "-O";
				VALIDATE_PRODUCT = YES;
			};
			name = Release;
		};
		D5E0DF192B0B8CBA007FC021 /* Debug */ = {
			isa = XCBuildConfiguration;
			buildSettings = {
				ASSETCATALOG_COMPILER_APPICON_NAME = AppIcon;
				ASSETCATALOG_COMPILER_GLOBAL_ACCENT_COLOR_NAME = AccentColor;
				CODE_SIGN_STYLE = Automatic;
				CURRENT_PROJECT_VERSION = 1;
				DEVELOPMENT_ASSET_PATHS = "\"gestionDepense/Preview Content\"";
				ENABLE_PREVIEWS = YES;
				GENERATE_INFOPLIST_FILE = YES;
				INFOPLIST_KEY_UIApplicationSceneManifest_Generation = YES;
				INFOPLIST_KEY_UIApplicationSupportsIndirectInputEvents = YES;
				INFOPLIST_KEY_UILaunchScreen_Generation = YES;
				INFOPLIST_KEY_UISupportedInterfaceOrientations_iPad = "UIInterfaceOrientationPortrait UIInterfaceOrientationPortraitUpsideDown UIInterfaceOrientationLandscapeLeft UIInterfaceOrientationLandscapeRight";
				INFOPLIST_KEY_UISupportedInterfaceOrientations_iPhone = "UIInterfaceOrientationPortrait UIInterfaceOrientationLandscapeLeft UIInterfaceOrientationLandscapeRight";
				LD_RUNPATH_SEARCH_PATHS = (
					"$(inherited)",
					"@executable_path/Frameworks",
				);
				MARKETING_VERSION = 1.0;
				PRODUCT_BUNDLE_IDENTIFIER = chambeux.yoann.gestionDepense;
				PRODUCT_NAME = "$(TARGET_NAME)";
				SWIFT_EMIT_LOC_STRINGS = YES;
				SWIFT_VERSION = 5.0;
				TARGETED_DEVICE_FAMILY = "1,2";
			};
			name = Debug;
		};
		D5E0DF1A2B0B8CBA007FC021 /* Release */ = {
			isa = XCBuildConfiguration;
			buildSettings = {
				ASSETCATALOG_COMPILER_APPICON_NAME = AppIcon;
				ASSETCATALOG_COMPILER_GLOBAL_ACCENT_COLOR_NAME = AccentColor;
				CODE_SIGN_STYLE = Automatic;
				CURRENT_PROJECT_VERSION = 1;
				DEVELOPMENT_ASSET_PATHS = "\"gestionDepense/Preview Content\"";
				ENABLE_PREVIEWS = YES;
				GENERATE_INFOPLIST_FILE = YES;
				INFOPLIST_KEY_UIApplicationSceneManifest_Generation = YES;
				INFOPLIST_KEY_UIApplicationSupportsIndirectInputEvents = YES;
				INFOPLIST_KEY_UILaunchScreen_Generation = YES;
				INFOPLIST_KEY_UISupportedInterfaceOrientations_iPad = "UIInterfaceOrientationPortrait UIInterfaceOrientationPortraitUpsideDown UIInterfaceOrientationLandscapeLeft UIInterfaceOrientationLandscapeRight";
				INFOPLIST_KEY_UISupportedInterfaceOrientations_iPhone = "UIInterfaceOrientationPortrait UIInterfaceOrientationLandscapeLeft UIInterfaceOrientationLandscapeRight";
				LD_RUNPATH_SEARCH_PATHS = (
					"$(inherited)",
					"@executable_path/Frameworks",
				);
				MARKETING_VERSION = 1.0;
				PRODUCT_BUNDLE_IDENTIFIER = chambeux.yoann.gestionDepense;
				PRODUCT_NAME = "$(TARGET_NAME)";
				SWIFT_EMIT_LOC_STRINGS = YES;
				SWIFT_VERSION = 5.0;
				TARGETED_DEVICE_FAMILY = "1,2";
			};
			name = Release;
		};
/* End XCBuildConfiguration section */

/* Begin XCConfigurationList section */
		D5E0DF052B0B8CB8007FC021 /* Build configuration list for PBXProject "gestionDepense" */ = {
			isa = XCConfigurationList;
			buildConfigurations = (
				D5E0DF162B0B8CBA007FC021 /* Debug */,
				D5E0DF172B0B8CBA007FC021 /* Release */,
			);
			defaultConfigurationIsVisible = 0;
			defaultConfigurationName = Release;
		};
		D5E0DF182B0B8CBA007FC021 /* Build configuration list for PBXNativeTarget "gestionDepense" */ = {
			isa = XCConfigurationList;
			buildConfigurations = (
				D5E0DF192B0B8CBA007FC021 /* Debug */,
				D5E0DF1A2B0B8CBA007FC021 /* Release */,
			);
			defaultConfigurationIsVisible = 0;
			defaultConfigurationName = Release;
		};
/* End XCConfigurationList section */
	};
	rootObject = D5E0DF022B0B8CB8007FC021 /* Project object */;
}
